
Microsoft Visual Studio Solution File, Format Version 12.00
# Visual Studio 15
VisualStudioVersion = 15.0.33529.398
MinimumVisualStudioVersion = 10.0.40219.1
Project("{FAE04EC0-301F-11D3-BF4B-00C04F79EFBC}") = "StokTakip", "StokTakip\StokTakip.csproj", "{EE3E0216-3DF5-4BFE-88B1-5D7F5B71F15B}"
EndProject
Project("{54435603-DBB4-11D2-8724-00A0C9A8B90C}") = "Stok", "Stok\Stok.vdproj", "{3B07F534-7345-49DB-9865-D03EAB82B543}"
EndProject
Global
	GlobalSection(SolutionConfigurationPlatforms) = preSolution
		Debug|Any CPU = Debug|Any CPU
		Release|Any CPU = Release|Any CPU
	EndGlobalSection
	GlobalSection(ProjectConfigurationPlatforms) = postSolution
		{EE3E0216-3DF5-4BFE-88B1-5D7F5B71F15B}.Debug|Any CPU.ActiveCfg = Debug|Any CPU
		{EE3E0216-3DF5-4BFE-88B1-5D7F5B71F15B}.Debug|Any CPU.Build.0 = Debug|Any CPU
		{EE3E0216-3DF5-4BFE-88B1-5D7F5B71F15B}.Release|Any CPU.ActiveCfg = Release|Any CPU
		{EE3E0216-3DF5-4BFE-88B1-5D7F5B71F15B}.Release|Any CPU.Build.0 = Release|Any CPU
		{3B07F534-7345-49DB-9865-D03EAB82B543}.Debug|Any CPU.ActiveCfg = Debug
		{3B07F534-7345-49DB-9865-D03EAB82B543}.Release|Any CPU.ActiveCfg = Release
	EndGlobalSection
	GlobalSection(SolutionProperties) = preSolution
		HideSolutionNode = FALSE
	EndGlobalSection
	GlobalSection(ExtensibilityGlobals) = postSolution
		SolutionGuid = {06DE1D72-D74A-45FF-A29B-6753E5A16C11}
	EndGlobalSection
EndGlobal
